# THIS IS AN AUTOGENERATED FILE. DO NOT EDIT THIS FILE DIRECTLY.
# yarn lockfile v1


"@hapi/accept@^6.0.1":
  version "6.0.1"
  resolved "https://registry.yarnpkg.com/@hapi/accept/-/accept-6.0.1.tgz#36378307a67fe38a626fbfaf7f130cdb654d0385"
  integrity sha512-aLkYj7zzgC3CSlEVOs84eBOEE3i9xZK2tdQEP+TOj2OFzMWCi9zjkRet82V3GGjecE//zFrCLKIykuaE0uM4bg==
  dependencies:
    "@hapi/boom" "^10.0.1"
    "@hapi/hoek" "^11.0.2"

"@hapi/ammo@^6.0.1":
  version "6.0.1"
  resolved "https://registry.yarnpkg.com/@hapi/ammo/-/ammo-6.0.1.tgz#1bc9f7102724ff288ca03b721854fc5393ad123a"
  integrity sha512-pmL+nPod4g58kXrMcsGLp05O2jF4P2Q3GiL8qYV7nKYEh3cGf+rV4P5Jyi2Uq0agGhVU63GtaSAfBEZOlrJn9w==
  dependencies:
    "@hapi/hoek" "^11.0.2"

"@hapi/b64@^6.0.1":
  version "6.0.1"
  resolved "https://registry.yarnpkg.com/@hapi/b64/-/b64-6.0.1.tgz#786b47dc070e14465af49e2428c1025bd06ed3df"
  integrity sha512-ZvjX4JQReUmBheeCq+S9YavcnMMHWqx3S0jHNXWIM1kQDxB9cyfSycpVvjfrKcIS8Mh5N3hmu/YKo4Iag9g2Kw==
  dependencies:
    "@hapi/hoek" "^11.0.2"

"@hapi/boom@^10.0.0", "@hapi/boom@^10.0.1":
  version "10.0.1"
  resolved "https://registry.yarnpkg.com/@hapi/boom/-/boom-10.0.1.tgz#ebb14688275ae150aa6af788dbe482e6a6062685"
  integrity sha512-ERcCZaEjdH3OgSJlyjVk8pHIFeus91CjKP3v+MpgBNp5IvGzP2l/bRiD78nqYcKPaZdbKkK5vDBVPd2ohHBlsA==
  dependencies:
    "@hapi/hoek" "^11.0.2"

"@hapi/bounce@^3.0.1":
  version "3.0.1"
  resolved "https://registry.yarnpkg.com/@hapi/bounce/-/bounce-3.0.1.tgz#25a51bf95733749c557c6bf948048bffa66435e4"
  integrity sha512-G+/Pp9c1Ha4FDP+3Sy/Xwg2O4Ahaw3lIZFSX+BL4uWi64CmiETuZPxhKDUD4xBMOUZbBlzvO8HjiK8ePnhBadA==
  dependencies:
    "@hapi/boom" "^10.0.1"
    "@hapi/hoek" "^11.0.2"

"@hapi/bourne@^3.0.0":
  version "3.0.0"
  resolved "https://registry.yarnpkg.com/@hapi/bourne/-/bourne-3.0.0.tgz#f11fdf7dda62fe8e336fa7c6642d9041f30356d7"
  integrity sha512-Waj1cwPXJDucOib4a3bAISsKJVb15MKi9IvmTI/7ssVEm6sywXGjVJDhl6/umt1pK1ZS7PacXU3A1PmFKHEZ2w==

"@hapi/call@^9.0.1":
  version "9.0.1"
  resolved "https://registry.yarnpkg.com/@hapi/call/-/call-9.0.1.tgz#569b87d5b67abf0e58fb82a3894a61aaed3ca92e"
  integrity sha512-uPojQRqEL1GRZR4xXPqcLMujQGaEpyVPRyBlD8Pp5rqgIwLhtveF9PkixiKru2THXvuN8mUrLeet5fqxKAAMGg==
  dependencies:
    "@hapi/boom" "^10.0.1"
    "@hapi/hoek" "^11.0.2"

"@hapi/catbox-memory@^6.0.1":
  version "6.0.1"
  resolved "https://registry.yarnpkg.com/@hapi/catbox-memory/-/catbox-memory-6.0.1.tgz#8f6b04c0cf2ce25da470324df360bd4e8d68b6ec"
  integrity sha512-sVb+/ZxbZIvaMtJfAbdyY+QJUQg9oKTwamXpEg/5xnfG5WbJLTjvEn4kIGKz9pN3ENNbIL/bIdctmHmqi/AdGA==
  dependencies:
    "@hapi/boom" "^10.0.1"
    "@hapi/hoek" "^11.0.2"

"@hapi/catbox@^12.1.1":
  version "12.1.1"
  resolved "https://registry.yarnpkg.com/@hapi/catbox/-/catbox-12.1.1.tgz#9339dca0a5b18b3ca0a825ac5dfc916dbc5bab83"
  integrity sha512-hDqYB1J+R0HtZg4iPH3LEnldoaBsar6bYp0EonBmNQ9t5CO+1CqgCul2ZtFveW1ReA5SQuze9GPSU7/aecERhw==
  dependencies:
    "@hapi/boom" "^10.0.1"
    "@hapi/hoek" "^11.0.2"
    "@hapi/podium" "^5.0.0"
    "@hapi/validate" "^2.0.1"

"@hapi/content@^6.0.0":
  version "6.0.0"
  resolved "https://registry.yarnpkg.com/@hapi/content/-/content-6.0.0.tgz#2427af3bac8a2f743512fce2a70cbdc365af29df"
  integrity sha512-CEhs7j+H0iQffKfe5Htdak5LBOz/Qc8TRh51cF+BFv0qnuph3Em4pjGVzJMkI2gfTDdlJKWJISGWS1rK34POGA==
  dependencies:
    "@hapi/boom" "^10.0.0"

"@hapi/cryptiles@^6.0.1":
  version "6.0.1"
  resolved "https://registry.yarnpkg.com/@hapi/cryptiles/-/cryptiles-6.0.1.tgz#7868a9d4233567ed66f0a9caf85fdcc56e980621"
  integrity sha512-9GM9ECEHfR8lk5ASOKG4+4ZsEzFqLfhiryIJ2ISePVB92OHLp/yne4m+zn7z9dgvM98TLpiFebjDFQ0UHcqxXQ==
  dependencies:
    "@hapi/boom" "^10.0.1"

"@hapi/file@^3.0.0":
  version "3.0.0"
  resolved "https://registry.yarnpkg.com/@hapi/file/-/file-3.0.0.tgz#f1fd824493ac89a6fceaf89c824afc5ae2121c09"
  integrity sha512-w+lKW+yRrLhJu620jT3y+5g2mHqnKfepreykvdOcl9/6up8GrQQn+l3FRTsjHTKbkbfQFkuksHpdv2EcpKcJ4Q==

"@hapi/hapi@^21.3.2":
  version "21.3.2"
  resolved "https://registry.yarnpkg.com/@hapi/hapi/-/hapi-21.3.2.tgz#f9f94c1c28ccad1444c838d04070fa1cd0409b33"
  integrity sha512-tbm0zmsdUj8iw4NzFV30FST/W4qzh/Lsw6Q5o5gAhOuoirWvxm8a4G3o60bqBw8nXvRNJ8uLtE0RKLlZINxHcQ==
  dependencies:
    "@hapi/accept" "^6.0.1"
    "@hapi/ammo" "^6.0.1"
    "@hapi/boom" "^10.0.1"
    "@hapi/bounce" "^3.0.1"
    "@hapi/call" "^9.0.1"
    "@hapi/catbox" "^12.1.1"
    "@hapi/catbox-memory" "^6.0.1"
    "@hapi/heavy" "^8.0.1"
    "@hapi/hoek" "^11.0.2"
    "@hapi/mimos" "^7.0.1"
    "@hapi/podium" "^5.0.1"
    "@hapi/shot" "^6.0.1"
    "@hapi/somever" "^4.1.1"
    "@hapi/statehood" "^8.1.1"
    "@hapi/subtext" "^8.1.0"
    "@hapi/teamwork" "^6.0.0"
    "@hapi/topo" "^6.0.1"
    "@hapi/validate" "^2.0.1"

"@hapi/heavy@^8.0.1":
  version "8.0.1"
  resolved "https://registry.yarnpkg.com/@hapi/heavy/-/heavy-8.0.1.tgz#e2be4a6a249005b5a587f7604aafa8ed02461fb6"
  integrity sha512-gBD/NANosNCOp6RsYTsjo2vhr5eYA3BEuogk6cxY0QdhllkkTaJFYtTXv46xd6qhBVMbMMqcSdtqey+UQU3//w==
  dependencies:
    "@hapi/boom" "^10.0.1"
    "@hapi/hoek" "^11.0.2"
    "@hapi/validate" "^2.0.1"

"@hapi/hoek@^11.0.2":
  version "11.0.2"
  resolved "https://registry.yarnpkg.com/@hapi/hoek/-/hoek-11.0.2.tgz#cb3ea547daac7de5c9cf1d960c3f35c34f065427"
  integrity sha512-aKmlCO57XFZ26wso4rJsW4oTUnrgTFw2jh3io7CAtO9w4UltBNwRXvXIVzzyfkaaLRo3nluP/19msA8vDUUuKw==

"@hapi/iron@^7.0.1":
  version "7.0.1"
  resolved "https://registry.yarnpkg.com/@hapi/iron/-/iron-7.0.1.tgz#f74bace8dad9340c7c012c27c078504f070f14b5"
  integrity sha512-tEZnrOujKpS6jLKliyWBl3A9PaE+ppuL/+gkbyPPDb/l2KSKQyH4lhMkVb+sBhwN+qaxxlig01JRqB8dk/mPxQ==
  dependencies:
    "@hapi/b64" "^6.0.1"
    "@hapi/boom" "^10.0.1"
    "@hapi/bourne" "^3.0.0"
    "@hapi/cryptiles" "^6.0.1"
    "@hapi/hoek" "^11.0.2"

"@hapi/mimos@^7.0.1":
  version "7.0.1"
  resolved "https://registry.yarnpkg.com/@hapi/mimos/-/mimos-7.0.1.tgz#5b65c76bb9da28ba34b0092215891f2c72bc899d"
  integrity sha512-b79V+BrG0gJ9zcRx1VGcCI6r6GEzzZUgiGEJVoq5gwzuB2Ig9Cax8dUuBauQCFKvl2YWSWyOc8mZ8HDaJOtkew==
  dependencies:
    "@hapi/hoek" "^11.0.2"
    mime-db "^1.52.0"

"@hapi/nigel@^5.0.1":
  version "5.0.1"
  resolved "https://registry.yarnpkg.com/@hapi/nigel/-/nigel-5.0.1.tgz#a6dfe357e9d48d944e2ffc552bd95cb701d79ee9"
  integrity sha512-uv3dtYuB4IsNaha+tigWmN8mQw/O9Qzl5U26Gm4ZcJVtDdB1AVJOwX3X5wOX+A07qzpEZnOMBAm8jjSqGsU6Nw==
  dependencies:
    "@hapi/hoek" "^11.0.2"
    "@hapi/vise" "^5.0.1"

"@hapi/pez@^6.1.0":
  version "6.1.0"
  resolved "https://registry.yarnpkg.com/@hapi/pez/-/pez-6.1.0.tgz#64d9f95580fc7d8f1d13437ee4a8676709954fda"
  integrity sha512-+FE3sFPYuXCpuVeHQ/Qag1b45clR2o54QoonE/gKHv9gukxQ8oJJZPR7o3/ydDTK6racnCJXxOyT1T93FCJMIg==
  dependencies:
    "@hapi/b64" "^6.0.1"
    "@hapi/boom" "^10.0.1"
    "@hapi/content" "^6.0.0"
    "@hapi/hoek" "^11.0.2"
    "@hapi/nigel" "^5.0.1"

"@hapi/podium@^5.0.0", "@hapi/podium@^5.0.1":
  version "5.0.1"
  resolved "https://registry.yarnpkg.com/@hapi/podium/-/podium-5.0.1.tgz#f292b4c0ca3118747394a102c6c3340bda96662f"
  integrity sha512-eznFTw6rdBhAijXFIlBOMJJd+lXTvqbrBIS4Iu80r2KTVIo4g+7fLy4NKp/8+UnSt5Ox6mJtAlKBU/Sf5080TQ==
  dependencies:
    "@hapi/hoek" "^11.0.2"
    "@hapi/teamwork" "^6.0.0"
    "@hapi/validate" "^2.0.1"

"@hapi/shot@^6.0.1":
  version "6.0.1"
  resolved "https://registry.yarnpkg.com/@hapi/shot/-/shot-6.0.1.tgz#ea84d1810b7c8599d5517c23b4ec55a529d7dc16"
  integrity sha512-s5ynMKZXYoDd3dqPw5YTvOR/vjHvMTxc388+0qL0jZZP1+uwXuUD32o9DuuuLsmTlyXCWi02BJl1pBpwRuUrNA==
  dependencies:
    "@hapi/hoek" "^11.0.2"
    "@hapi/validate" "^2.0.1"

"@hapi/somever@^4.1.1":
  version "4.1.1"
  resolved "https://registry.yarnpkg.com/@hapi/somever/-/somever-4.1.1.tgz#b492c78408303c72cd1a39c5060f35d18a404b27"
  integrity sha512-lt3QQiDDOVRatS0ionFDNrDIv4eXz58IibQaZQDOg4DqqdNme8oa0iPWcE0+hkq/KTeBCPtEOjDOBKBKwDumVg==
  dependencies:
    "@hapi/bounce" "^3.0.1"
    "@hapi/hoek" "^11.0.2"

"@hapi/statehood@^8.1.1":
  version "8.1.1"
  resolved "https://registry.yarnpkg.com/@hapi/statehood/-/statehood-8.1.1.tgz#db4bd14c90810a1389763cb0b0b8f221aa4179c1"
  integrity sha512-YbK7PSVUA59NArAW5Np0tKRoIZ5VNYUicOk7uJmWZF6XyH5gGL+k62w77SIJb0AoAJ0QdGQMCQ/WOGL1S3Ydow==
  dependencies:
    "@hapi/boom" "^10.0.1"
    "@hapi/bounce" "^3.0.1"
    "@hapi/bourne" "^3.0.0"
    "@hapi/cryptiles" "^6.0.1"
    "@hapi/hoek" "^11.0.2"
    "@hapi/iron" "^7.0.1"
    "@hapi/validate" "^2.0.1"

"@hapi/subtext@^8.1.0":
  version "8.1.0"
  resolved "https://registry.yarnpkg.com/@hapi/subtext/-/subtext-8.1.0.tgz#58733020a6655bc4d978df9e2f75e31696ff3f91"
  integrity sha512-PyaN4oSMtqPjjVxLny1k0iYg4+fwGusIhaom9B2StinBclHs7v46mIW706Y+Wo21lcgulGyXbQrmT/w4dus6ww==
  dependencies:
    "@hapi/boom" "^10.0.1"
    "@hapi/bourne" "^3.0.0"
    "@hapi/content" "^6.0.0"
    "@hapi/file" "^3.0.0"
    "@hapi/hoek" "^11.0.2"
    "@hapi/pez" "^6.1.0"
    "@hapi/wreck" "^18.0.1"

"@hapi/teamwork@^6.0.0":
  version "6.0.0"
  resolved "https://registry.yarnpkg.com/@hapi/teamwork/-/teamwork-6.0.0.tgz#b3a173cf811ba59fc6ee22318a1b51f4561f06e0"
  integrity sha512-05HumSy3LWfXpmJ9cr6HzwhAavrHkJ1ZRCmNE2qJMihdM5YcWreWPfyN0yKT2ZjCM92au3ZkuodjBxOibxM67A==

"@hapi/topo@^6.0.1":
  version "6.0.2"
  resolved "https://registry.yarnpkg.com/@hapi/topo/-/topo-6.0.2.tgz#f219c1c60da8430228af4c1f2e40c32a0d84bbb4"
  integrity sha512-KR3rD5inZbGMrHmgPxsJ9dbi6zEK+C3ZwUwTa+eMwWLz7oijWUTWD2pMSNNYJAU6Qq+65NkxXjqHr/7LM2Xkqg==
  dependencies:
    "@hapi/hoek" "^11.0.2"

"@hapi/validate@^2.0.1":
  version "2.0.1"
  resolved "https://registry.yarnpkg.com/@hapi/validate/-/validate-2.0.1.tgz#45cf228c4c8cfc61ba2da7e0a5ba93ff3b9afff1"
  integrity sha512-NZmXRnrSLK8MQ9y/CMqE9WSspgB9xA41/LlYR0k967aSZebWr4yNrpxIbov12ICwKy4APSlWXZga9jN5p6puPA==
  dependencies:
    "@hapi/hoek" "^11.0.2"
    "@hapi/topo" "^6.0.1"

"@hapi/vise@^5.0.1":
  version "5.0.1"
  resolved "https://registry.yarnpkg.com/@hapi/vise/-/vise-5.0.1.tgz#5c9f16bcf1c039ddd4b6cad5f32d71eeb6bb7dac"
  integrity sha512-XZYWzzRtINQLedPYlIkSkUr7m5Ddwlu99V9elh8CSygXstfv3UnWIXT0QD+wmR0VAG34d2Vx3olqcEhRRoTu9A==
  dependencies:
    "@hapi/hoek" "^11.0.2"

"@hapi/wreck@^18.0.1":
  version "18.0.1"
  resolved "https://registry.yarnpkg.com/@hapi/wreck/-/wreck-18.0.1.tgz#6df04532be25fd128c5244e72ccc21438cf8bb65"
  integrity sha512-OLHER70+rZxvDl75xq3xXOfd3e8XIvz8fWY0dqg92UvhZ29zo24vQgfqgHSYhB5ZiuFpSLeriOisAlxAo/1jWg==
  dependencies:
    "@hapi/boom" "^10.0.1"
    "@hapi/bourne" "^3.0.0"
    "@hapi/hoek" "^11.0.2"

denque@^2.1.0:
  version "2.1.0"
  resolved "https://registry.yarnpkg.com/denque/-/denque-2.1.0.tgz#e93e1a6569fb5e66f16a3c2a2964617d349d6ab1"
  integrity sha512-HVQE3AAb/pxF8fQAoiqpvg9i3evqug3hoiwakOyZAwJm+6vZehbkYXZ0l4JxS+I3QxM97v5aaRNhj8v5oBhekw==

dotenv@^16.3.1:
  version "16.3.1"
  resolved "https://registry.yarnpkg.com/dotenv/-/dotenv-16.3.1.tgz#369034de7d7e5b120972693352a3bf112172cc3e"
  integrity sha512-IPzF4w4/Rd94bA9imS68tZBaYyBWSCE47V1RGuMrB94iyTOIEwRmVL2x/4An+6mETpLrKJ5hQkB8W4kFAadeIQ==

generate-function@^2.3.1:
  version "2.3.1"
  resolved "https://registry.yarnpkg.com/generate-function/-/generate-function-2.3.1.tgz#f069617690c10c868e73b8465746764f97c3479f"
  integrity sha512-eeB5GfMNeevm/GRYq20ShmsaGcmI81kIX2K9XQx5miC8KdHaC6Jm0qQ8ZNeGOi7wYB8OsdxKs+Y2oVuTFuVwKQ==
  dependencies:
    is-property "^1.0.2"

iconv-lite@^0.6.3:
  version "0.6.3"
  resolved "https://registry.yarnpkg.com/iconv-lite/-/iconv-lite-0.6.3.tgz#a52f80bf38da1952eb5c681790719871a1a72501"
  integrity sha512-4fCk79wshMdzMp2rH06qWrJE4iolqLhCUH+OiuIgU++RB0+94NlDL81atO7GX55uUKueo0txHNtvEyI6D7WdMw==
  dependencies:
    safer-buffer ">= 2.1.2 < 3.0.0"

is-property@^1.0.2:
  version "1.0.2"
  resolved "https://registry.yarnpkg.com/is-property/-/is-property-1.0.2.tgz#57fe1c4e48474edd65b09911f26b1cd4095dda84"
  integrity sha512-Ks/IoX00TtClbGQr4TWXemAnktAQvYB7HzcCxDGqEZU6oCmb2INHuOoKxbtR+HFkmYWBKv/dOZtGRiAjDhj92g==

long@^5.2.1:
  version "5.2.3"
  resolved "https://registry.yarnpkg.com/long/-/long-5.2.3.tgz#a3ba97f3877cf1d778eccbcb048525ebb77499e1"
  integrity sha512-lcHwpNoggQTObv5apGNCTdJrO69eHOZMi4BNC+rTLER8iHAqGrUVeLh/irVIM7zTw2bOXA8T6uNPeujwOLg/2Q==

lru-cache@^7.14.1:
  version "7.18.3"
  resolved "https://registry.yarnpkg.com/lru-cache/-/lru-cache-7.18.3.tgz#f793896e0fd0e954a59dfdd82f0773808df6aa89"
  integrity sha512-jumlc0BIUrS3qJGgIkWZsyfAM7NCWiBcCDhnd+3NNM5KbBmLTgHVfWBcg6W+rLUsIpzpERPsvwUP7CckAQSOoA==

lru-cache@^8.0.0:
  version "8.0.5"
  resolved "https://registry.yarnpkg.com/lru-cache/-/lru-cache-8.0.5.tgz#983fe337f3e176667f8e567cfcce7cb064ea214e"
  integrity sha512-MhWWlVnuab1RG5/zMRRcVGXZLCXrZTgfwMikgzCegsPnG62yDQo5JnqKkrK4jO5iKqDAZGItAqN5CtKBCBWRUA==

mime-db@^1.52.0:
  version "1.52.0"
  resolved "https://registry.yarnpkg.com/mime-db/-/mime-db-1.52.0.tgz#bbabcdc02859f4987301c856e3387ce5ec43bf70"
  integrity sha512-sPU4uV7dYlvtWJxwwxHD0PuihVNiE7TyAbQ5SWxDCB9mUYvOgroQOwYQQOKPJ8CIbE+1ETVlOoK1UC2nU3gYvg==

mysql2@^3.3.5:
  version "3.3.5"
  resolved "https://registry.yarnpkg.com/mysql2/-/mysql2-3.3.5.tgz#1c26f279516f3aa784f6ec9c7ec50ab0c55c6039"
  integrity sha512-ZTQGAzxGeaX1PyeSiZFCgQ34uiXguaEpn3aTFN9Enm9JDnbwWo+4/CJnDdQZ3n0NaMeysi8vwtW/jNUb9VqVDw==
  dependencies:
    denque "^2.1.0"
    generate-function "^2.3.1"
    iconv-lite "^0.6.3"
    long "^5.2.1"
    lru-cache "^8.0.0"
    named-placeholders "^1.1.3"
    seq-queue "^0.0.5"
    sqlstring "^2.3.2"

named-placeholders@^1.1.3:
  version "1.1.3"
  resolved "https://registry.yarnpkg.com/named-placeholders/-/named-placeholders-1.1.3.tgz#df595799a36654da55dda6152ba7a137ad1d9351"
  integrity sha512-eLoBxg6wE/rZkJPhU/xRX1WTpkFEwDJEN96oxFrTsqBdbT5ec295Q+CoHrL9IT0DipqKhmGcaZmwOt8OON5x1w==
  dependencies:
    lru-cache "^7.14.1"

"safer-buffer@>= 2.1.2 < 3.0.0":
  version "2.1.2"
  resolved "https://registry.yarnpkg.com/safer-buffer/-/safer-buffer-2.1.2.tgz#44fa161b0187b9549dd84bb91802f9bd8385cd6a"
  integrity sha512-YZo3K82SD7Riyi0E1EQPojLz7kpepnSQI9IyPbHHg1XXXevb5dJI7tpyN2ADxGcQbHG7vcyRHk0cbwqcQriUtg==

seq-queue@^0.0.5:
  version "0.0.5"
  resolved "https://registry.yarnpkg.com/seq-queue/-/seq-queue-0.0.5.tgz#d56812e1c017a6e4e7c3e3a37a1da6d78dd3c93e"
  integrity sha512-hr3Wtp/GZIc/6DAGPDcV4/9WoZhjrkXsi5B/07QgX8tsdc6ilr7BFM6PM6rbdAX1kFSDYeZGLipIZZKyQP0O5Q==

sqlstring@^2.3.2:
  version "2.3.3"
  resolved "https://registry.yarnpkg.com/sqlstring/-/sqlstring-2.3.3.tgz#2ddc21f03bce2c387ed60680e739922c65751d0c"
  integrity sha512-qC9iz2FlN7DQl3+wjwn3802RTyjCx7sDvfQEXchwa6CWOx07/WVfh91gBmQ9fahw8snwGEWU3xGzOt4tFyHLxg==
